# brickie:generated
# brickie.lock — 机器拥有的文件, 请勿手改; 同一输入两次运行逐字节相同(contract §4)

schema = 1

[lock]
profile = "dev"

[lock.product]
name = "brickos-prototype"
version = "0.1.0.0"
stage = "dev"

[[lock.plugins]]
name = "app/hello"
version = "0.1.0.0"
compat_gen = 0

[[lock.plugins]]
name = "framework/cdev-core"
version = "0.1.0.0"
compat_gen = 0

[[lock.plugins]]
name = "framework/dev-core"
version = "0.1.0.0"
compat_gen = 0

[[lock.plugins]]
name = "framework/file-table"
version = "0.1.0.0"
compat_gen = 0

[[lock.plugins]]
name = "framework/vfs-core"
version = "0.1.0.0"
compat_gen = 0

[[lock.plugins]]
name = "fs/devfs"
version = "0.1.0.0"
compat_gen = 0

[[lock.plugins]]
name = "fs/tmpfs"
version = "0.1.0.0"
compat_gen = 0

[[lock.plugins]]
name = "io/uart-pl011"
version = "0.1.0.0"
compat_gen = 0

[[lock.plugins]]
name = "platform/qemu-aarch64"
version = "0.1.0.0"
compat_gen = 0

[[lock.plugins]]
name = "sched/coop"
version = "0.1.0.0"
compat_gen = 0

[[lock.plugins]]
name = "sched/rr"
version = "0.1.0.0"
compat_gen = 0

[[lock.plugins]]
name = "service/backtrace"
version = "0.1.0.0"
compat_gen = 0

[[lock.plugins]]
name = "service/dump"
version = "0.1.0.0"
compat_gen = 0

[[lock.plugins]]
name = "service/hexdump"
version = "0.1.0.0"
compat_gen = 0

[[lock.plugins]]
name = "service/memleak"
version = "0.1.0.0"
compat_gen = 0

[[lock.plugins]]
name = "service/trace"
version = "0.1.0.0"
compat_gen = 0

[[lock.units]]
id = "framework/cdev-core#cdev"
provider = "framework/cdev-core"
unit = "cdev"
api_iface = "native"
version = "0.1.1.0"
compat_gen = 0
hash = "sha256:46b125d4480ef7d3e1d20fe4528a0504d31e973e9678e65c19e58cbf39a40641"
hash_scope = "decl"
truth = "decl"

[[lock.units]]
id = "framework/dev-core#dev"
provider = "framework/dev-core"
unit = "dev"
api_iface = "native"
version = "0.1.1.0"
compat_gen = 0
hash = "sha256:683df2ce258eb70fb96849760f12e29b976aefbdb56212857ffd7d287c0de952"
hash_scope = "decl"
truth = "decl"

[[lock.units]]
id = "framework/file-table#filetable"
provider = "framework/file-table"
unit = "filetable"
api_iface = "native"
version = "0.1.0.0"
compat_gen = 0
hash = "sha256:e02f50ee703d2e2836915efa5fae24f430ddbee029a7ef34a2f7a2fae3bcacac"
hash_scope = "decl"
truth = "decl"

[[lock.units]]
id = "framework/vfs-core#vfs"
provider = "framework/vfs-core"
unit = "vfs"
api_iface = "native"
version = "0.1.1.0"
compat_gen = 0
hash = "sha256:fa92ffcd07657624972308e8c2d8a8625f206cd92275306711e8b9d1a33e7ff9"
hash_scope = "decl"
truth = "decl"

[[lock.units]]
id = "io/uart-pl011#uart-pl011"
provider = "io/uart-pl011"
unit = "uart-pl011"
api_iface = "native"
version = "0.1.1.0"
compat_gen = 0
hash = "sha256:b948dff0255343ade247c86ff2133951feef5cde5e8158ffb597a65e44a5b2d9"
hash_scope = "decl"
truth = "decl"

[[lock.units]]
id = "platform/qemu-aarch64#gicv3"
provider = "platform/qemu-aarch64"
unit = "gicv3"
api_iface = "native"
version = "0.1.1.0"
compat_gen = 0
hash = "sha256:edb5e16d25517877de07fc495ce80209148b746038208cf7be0df01deef0f094"
hash_scope = "decl"
truth = "decl"

[[lock.units]]
id = "platform/qemu-aarch64#plat"
provider = "platform/qemu-aarch64"
unit = "plat"
api_iface = "native"
version = "0.1.4.0"
compat_gen = 0
hash = "sha256:3863fa62c2d559a6b3ca3e81fc5d99f75b188ec0b2203ddacf331cdfb92139a7"
hash_scope = "decl"
truth = "decl"

[[lock.units]]
id = "sched/rr#rr"
provider = "sched/rr"
unit = "rr"
api_iface = "native"
version = "0.1.0.0"
compat_gen = 0
hash = "sha256:2600c8855085bcf13b334b1a164fe7aa33a12dc7970dc705f12b744c82aa4eb2"
hash_scope = "decl"
truth = "decl"

[[lock.units]]
id = "service/backtrace#backtrace"
provider = "service/backtrace"
unit = "backtrace"
api_iface = "native"
version = "0.1.1.0"
compat_gen = 0
hash = "sha256:f6f23bd46f4507650af50a9e0945514c8e4965375995652ec014c28b3fb15f28"
hash_scope = "decl"
truth = "decl"

[[lock.units]]
id = "service/dump#dump"
provider = "service/dump"
unit = "dump"
api_iface = "native"
version = "0.1.1.0"
compat_gen = 0
hash = "sha256:19c962b129ced77e1f04973db05b196a7ad2f9852df6c7c36097396436335364"
hash_scope = "decl"
truth = "decl"

[[lock.units]]
id = "service/hexdump#hexdump"
provider = "service/hexdump"
unit = "hexdump"
api_iface = "native"
version = "0.1.1.0"
compat_gen = 0
hash = "sha256:6e59c5b3d90b43dd84a031fcfad231e8586397cb72bfbe81b75570f481fbe6fc"
hash_scope = "decl"
truth = "decl"

[[lock.units]]
id = "service/memleak#memleak"
provider = "service/memleak"
unit = "memleak"
api_iface = "native"
version = "0.1.1.0"
compat_gen = 0
hash = "sha256:e0c8af553f57b1688e0962b7ed3df883b45923a839e1b693181a536f9470c526"
hash_scope = "decl"
truth = "decl"

[[lock.units]]
id = "service/trace#trace"
provider = "service/trace"
unit = "trace"
api_iface = "native"
version = "0.1.1.0"
compat_gen = 0
hash = "sha256:b3d67241bfeffc050dfbaa14733ff700a15622cc4b23cf375881f89171b958c5"
hash_scope = "decl"
truth = "decl"
